<?xml version="1.0" encoding="utf-8"?>
<Project ToolsVersion="4.0" xmlns="http://schemas.microsoft.com/developer/msbuild/2003">
  <ItemGroup>
    <!-- Top-level VS filter groups -->
    <Filter Include="core">
      <UniqueIdentifier>{A1B2C3D4-0001-0001-0001-000000000001}</UniqueIdentifier>
    </Filter>
    <Filter Include="detections">
      <UniqueIdentifier>{A1B2C3D4-0002-0002-0002-000000000002}</UniqueIdentifier>
    </Filter>
    <Filter Include="util">
      <UniqueIdentifier>{A1B2C3D4-0003-0003-0003-000000000003}</UniqueIdentifier>
    </Filter>
    <Filter Include="arch">
      <UniqueIdentifier>{A1B2C3D4-0004-0004-0004-000000000004}</UniqueIdentifier>
      <Extensions>asm</Extensions>
    </Filter>
    <Filter Include="ci">
      <UniqueIdentifier>{A1B2C3D4-0005-0005-0005-000000000005}</UniqueIdentifier>
    </Filter>
    <Filter Include="vendor">
      <UniqueIdentifier>{A1B2C3D4-0006-0006-0006-000000000006}</UniqueIdentifier>
    </Filter>
    <Filter Include="Driver Files">
      <UniqueIdentifier>{8E41214B-6785-4CFE-B992-037D68949A14}</UniqueIdentifier>
      <Extensions>inf;inv;inx;mof;mc;</Extensions>
    </Filter>
  </ItemGroup>

  <!-- ======================== Source Files ======================== -->
  <ItemGroup>
    <ClCompile Include="core\main.c">
      <Filter>core</Filter>
    </ClCompile>
    <ClCompile Include="core\internals.c">
      <Filter>core</Filter>
    </ClCompile>

    <ClCompile Include="detections\dse_check.c">
      <Filter>detections</Filter>
    </ClCompile>
    <ClCompile Include="detections\cr3_thrasher.c">
      <Filter>detections</Filter>
    </ClCompile>
    <ClCompile Include="detections\cr3_validation.c">
      <Filter>detections</Filter>
    </ClCompile>
    <ClCompile Include="detections\stackwalk.c">
      <Filter>detections</Filter>
    </ClCompile>
    <ClCompile Include="detections\wfp_monitor.c">
      <Filter>detections</Filter>
    </ClCompile>
    <ClCompile Include="detections\shellcode_analyzer.c">
      <Filter>detections</Filter>
    </ClCompile>
    <ClCompile Include="detections\pt_analyzer.c">
      <Filter>detections</Filter>
    </ClCompile>
    <ClCompile Include="detections\import_scan.c">
      <Filter>detections</Filter>
    </ClCompile>

    <ClCompile Include="util\module.c">
      <Filter>util</Filter>
    </ClCompile>
    <ClCompile Include="util\mm.c">
      <Filter>util</Filter>
    </ClCompile>
    <ClCompile Include="util\serial_logger.c">
      <Filter>util</Filter>
    </ClCompile>
    <ClCompile Include="util\instruction_decoder.c">
      <Filter>util</Filter>
    </ClCompile>
    <ClCompile Include="util\zyan_stackwalker.c">
      <Filter>util</Filter>
    </ClCompile>

    <ClCompile Include="ci\ci.c">
      <Filter>ci</Filter>
    </ClCompile>

    <ClCompile Include="vendor\Zydis.c">
      <Filter>vendor</Filter>
    </ClCompile>
  </ItemGroup>

  <!-- ======================== Header Files ======================== -->
  <ItemGroup>
    <ClInclude Include="core\globals.h">
      <Filter>core</Filter>
    </ClInclude>
    <ClInclude Include="core\internals.h">
      <Filter>core</Filter>
    </ClInclude>

    <ClInclude Include="detections\dse_check.h">
      <Filter>detections</Filter>
    </ClInclude>
    <ClInclude Include="detections\cr3_thrasher.h">
      <Filter>detections</Filter>
    </ClInclude>
    <ClInclude Include="detections\cr3_validation.h">
      <Filter>detections</Filter>
    </ClInclude>
    <ClInclude Include="detections\stackwalk.h">
      <Filter>detections</Filter>
    </ClInclude>
    <ClInclude Include="detections\wfp_monitor.h">
      <Filter>detections</Filter>
    </ClInclude>
    <ClInclude Include="detections\shellcode_analyzer.h">
      <Filter>detections</Filter>
    </ClInclude>
    <ClInclude Include="detections\pt_analyzer.h">
      <Filter>detections</Filter>
    </ClInclude>
    <ClInclude Include="detections\import_scan.h">
      <Filter>detections</Filter>
    </ClInclude>

    <ClInclude Include="util\module.h">
      <Filter>util</Filter>
    </ClInclude>
    <ClInclude Include="util\mm.h">
      <Filter>util</Filter>
    </ClInclude>
    <ClInclude Include="util\pattern_scanner.h">
      <Filter>util</Filter>
    </ClInclude>
    <ClInclude Include="util\serial_logger.h">
      <Filter>util</Filter>
    </ClInclude>
    <ClInclude Include="util\instruction_decoder.h">
      <Filter>util</Filter>
    </ClInclude>
    <ClInclude Include="util\zyan_stackwalker.h">
      <Filter>util</Filter>
    </ClInclude>

    <ClInclude Include="arch\arch.h">
      <Filter>arch</Filter>
    </ClInclude>
    <ClInclude Include="arch\ia32.h">
      <Filter>arch</Filter>
    </ClInclude>
    <ClInclude Include="arch\isr.h">
      <Filter>arch</Filter>
    </ClInclude>
    <ClInclude Include="arch\stackwalk_saferecovery.h">
      <Filter>arch</Filter>
    </ClInclude>

    <ClInclude Include="ci\ci.h">
      <Filter>ci</Filter>
    </ClInclude>

    <ClInclude Include="vendor\Zydis.h">
      <Filter>vendor</Filter>
    </ClInclude>
  </ItemGroup>

  <!-- ======================== ASM Files ======================== -->
  <ItemGroup>
    <MASM Include="arch\arch.asm">
      <Filter>arch</Filter>
    </MASM>
    <MASM Include="arch\isr.asm">
      <Filter>arch</Filter>
    </MASM>
    <MASM Include="arch\stackwalk_saferecovery.asm">
      <Filter>arch</Filter>
    </MASM>
  </ItemGroup>
</Project>
